
Microsoft Visual Studio Solution File, Format Version 12.00
# Visual Studio Version 17
VisualStudioVersion = 17.2.32630.192
MinimumVisualStudioVersion = 10.0.40219.1
Project("{9A19103F-16F7-4668-BE54-9A1E7A4F7556}") = "LostArkLogger", "LostArkLogger\LostArkLogger.csproj", "{963F7524-9531-4027-8CE1-C47716DC0A50}"
EndProject
Project("{9A19103F-16F7-4668-BE54-9A1E7A4F7556}") = "MachinaNet6", "MachinaNet6\MachinaNet6.csproj", "{14B51637-905A-45FB-B580-9619A1B32348}"
EndProject
Project("{9A19103F-16F7-4668-BE54-9A1E7A4F7556}") = "LostArkLoggerTests", "LostArkLoggerTests\LostArkLoggerTests.csproj", "{520F33A0-5E5C-4899-85CF-91542E0D1895}"
EndProject
Project("{9A19103F-16F7-4668-BE54-9A1E7A4F7556}") = "AccessoryOptimizer", "AccessoryOptimizer\AccessoryOptimizer.csproj", "{47502DF6-62C6-443E-BC45-418B96A1E4AA}"
EndProject
Project("{9A19103F-16F7-4668-BE54-9A1E7A4F7556}") = "AccessoryParser", "AccessoryParser\AccessoryParser.csproj", "{AE0F65D2-6068-49FD-B6B2-BAEB9AF1E5C9}"
EndProject
Project("{FAE04EC0-301F-11D3-BF4B-00C04F79EFBC}") = "ParsedLogParser", "ParsedLogParser\ParsedLogParser.csproj", "{3199D940-5B40-4A16-898B-70EF625B910F}"
EndProject
Global
	GlobalSection(SolutionConfigurationPlatforms) = preSolution
		Debug|Any CPU = Debug|Any CPU
		Release|Any CPU = Release|Any CPU
	EndGlobalSection
	GlobalSection(ProjectConfigurationPlatforms) = postSolution
		{963F7524-9531-4027-8CE1-C47716DC0A50}.Debug|Any CPU.ActiveCfg = Debug|Any CPU
		{963F7524-9531-4027-8CE1-C47716DC0A50}.Debug|Any CPU.Build.0 = Debug|Any CPU
		{963F7524-9531-4027-8CE1-C47716DC0A50}.Release|Any CPU.ActiveCfg = Release|Any CPU
		{963F7524-9531-4027-8CE1-C47716DC0A50}.Release|Any CPU.Build.0 = Release|Any CPU
		{14B51637-905A-45FB-B580-9619A1B32348}.Debug|Any CPU.ActiveCfg = Debug|Any CPU
		{14B51637-905A-45FB-B580-9619A1B32348}.Debug|Any CPU.Build.0 = Debug|Any CPU
		{14B51637-905A-45FB-B580-9619A1B32348}.Release|Any CPU.ActiveCfg = Release|Any CPU
		{14B51637-905A-45FB-B580-9619A1B32348}.Release|Any CPU.Build.0 = Release|Any CPU
		{520F33A0-5E5C-4899-85CF-91542E0D1895}.Debug|Any CPU.ActiveCfg = Debug|Any CPU
		{520F33A0-5E5C-4899-85CF-91542E0D1895}.Debug|Any CPU.Build.0 = Debug|Any CPU
		{520F33A0-5E5C-4899-85CF-91542E0D1895}.Release|Any CPU.ActiveCfg = Release|Any CPU
		{520F33A0-5E5C-4899-85CF-91542E0D1895}.Release|Any CPU.Build.0 = Release|Any CPU
		{47502DF6-62C6-443E-BC45-418B96A1E4AA}.Debug|Any CPU.ActiveCfg = Debug|Any CPU
		{47502DF6-62C6-443E-BC45-418B96A1E4AA}.Debug|Any CPU.Build.0 = Debug|Any CPU
		{47502DF6-62C6-443E-BC45-418B96A1E4AA}.Release|Any CPU.ActiveCfg = Release|Any CPU
		{47502DF6-62C6-443E-BC45-418B96A1E4AA}.Release|Any CPU.Build.0 = Release|Any CPU
		{AE0F65D2-6068-49FD-B6B2-BAEB9AF1E5C9}.Debug|Any CPU.ActiveCfg = Debug|Any CPU
		{AE0F65D2-6068-49FD-B6B2-BAEB9AF1E5C9}.Debug|Any CPU.Build.0 = Debug|Any CPU
		{AE0F65D2-6068-49FD-B6B2-BAEB9AF1E5C9}.Release|Any CPU.ActiveCfg = Release|Any CPU
		{AE0F65D2-6068-49FD-B6B2-BAEB9AF1E5C9}.Release|Any CPU.Build.0 = Release|Any CPU
		{3199D940-5B40-4A16-898B-70EF625B910F}.Debug|Any CPU.ActiveCfg = Debug|Any CPU
		{3199D940-5B40-4A16-898B-70EF625B910F}.Debug|Any CPU.Build.0 = Debug|Any CPU
		{3199D940-5B40-4A16-898B-70EF625B910F}.Release|Any CPU.ActiveCfg = Release|Any CPU
		{3199D940-5B40-4A16-898B-70EF625B910F}.Release|Any CPU.Build.0 = Release|Any CPU
	EndGlobalSection
	GlobalSection(SolutionProperties) = preSolution
		HideSolutionNode = FALSE
	EndGlobalSection
	GlobalSection(ExtensibilityGlobals) = postSolution
		SolutionGuid = {A4B75FE5-2AFD-474A-91A1-F0EEE21687FC}
	EndGlobalSection
EndGlobal
